
Microsoft Visual Studio Solution File, Format Version 12.00
Project("{FAE04EC0-301F-11D3-BF4B-00C04F79EFBC}") = "TorchMonitor", "TorchMonitor\TorchMonitor.csproj", "{3B854B71-D28C-4BA2-BEC3-E94C327A0AFA}"
EndProject
Project("{D954291E-2A0B-460D-934E-DC6B0785DB48}") = "Utils.General", "TorchUtils\Utils.General\Utils.General.shproj", "{4E4B3282-B361-4E86-B971-059EFF657677}"
EndProject
Project("{D954291E-2A0B-460D-934E-DC6B0785DB48}") = "Utils.Torch", "TorchUtils\Utils.Torch\Utils.Torch.shproj", "{27569BFC-809F-4253-8959-78107741620D}"
EndProject
Global
	GlobalSection(SolutionConfigurationPlatforms) = preSolution
		Debug|Any CPU = Debug|Any CPU
		Release|Any CPU = Release|Any CPU
	EndGlobalSection
	GlobalSection(ProjectConfigurationPlatforms) = postSolution
		{3B854B71-D28C-4BA2-BEC3-E94C327A0AFA}.Release|Any CPU.ActiveCfg = Release|Any CPU
		{3B854B71-D28C-4BA2-BEC3-E94C327A0AFA}.Release|Any CPU.Build.0 = Release|Any CPU
		{3B854B71-D28C-4BA2-BEC3-E94C327A0AFA}.Debug|Any CPU.ActiveCfg = Debug|x64
		{3B854B71-D28C-4BA2-BEC3-E94C327A0AFA}.Debug|Any CPU.Build.0 = Debug|x64
	EndGlobalSection
EndGlobal
